
Microsoft Visual Studio Solution File, Format Version 12.00
# Visual Studio 2012
Project("{FAE04EC0-301F-11D3-BF4B-00C04F79EFBC}") = "morse", "morse\morse.csproj", "{CA6F66FF-DA03-41B5-AF23-ADD38B4A2200}"
EndProject
Global
	GlobalSection(SolutionConfigurationPlatforms) = preSolution
		Debug|Any CPU = Debug|Any CPU
		Release|Any CPU = Release|Any CPU
	EndGlobalSection
	GlobalSection(ProjectConfigurationPlatforms) = postSolution
		{CA6F66FF-DA03-41B5-AF23-ADD38B4A2200}.Debug|Any CPU.ActiveCfg = Debug|Any CPU
		{CA6F66FF-DA03-41B5-AF23-ADD38B4A2200}.Debug|Any CPU.Build.0 = Debug|Any CPU
		{CA6F66FF-DA03-41B5-AF23-ADD38B4A2200}.Release|Any CPU.ActiveCfg = Release|Any CPU
		{CA6F66FF-DA03-41B5-AF23-ADD38B4A2200}.Release|Any CPU.Build.0 = Release|Any CPU
	EndGlobalSection
	GlobalSection(SolutionProperties) = preSolution
		HideSolutionNode = FALSE
	EndGlobalSection
EndGlobal
